
Microsoft Visual Studio Solution File, Format Version 12.00
# Visual Studio Version 17
VisualStudioVersion = 17.2.32602.215
MinimumVisualStudioVersion = 10.0.40219.1
Project("{FAE04EC0-301F-11D3-BF4B-00C04F79EFBC}") = "Library Management System", "Library Management System.csproj", "{0EAAA5A1-2364-4DAD-B18C-8C5CCFD5D91A}"
EndProject
Global
	GlobalSection(SolutionConfigurationPlatforms) = preSolution
		Debug|Any CPU = Debug|Any CPU
		Release|Any CPU = Release|Any CPU
	EndGlobalSection
	GlobalSection(ProjectConfigurationPlatforms) = postSolution
		{0EAAA5A1-2364-4DAD-B18C-8C5CCFD5D91A}.Debug|Any CPU.ActiveCfg = Debug|Any CPU
		{0EAAA5A1-2364-4DAD-B18C-8C5CCFD5D91A}.Debug|Any CPU.Build.0 = Debug|Any CPU
		{0EAAA5A1-2364-4DAD-B18C-8C5CCFD5D91A}.Release|Any CPU.ActiveCfg = Release|Any CPU
		{0EAAA5A1-2364-4DAD-B18C-8C5CCFD5D91A}.Release|Any CPU.Build.0 = Release|Any CPU
	EndGlobalSection
	GlobalSection(SolutionProperties) = preSolution
		HideSolutionNode = FALSE
	EndGlobalSection
	GlobalSection(ExtensibilityGlobals) = postSolution
		SolutionGuid = {516783DE-C548-4A97-A167-2B1EFBD15C7A}
	EndGlobalSection
EndGlobal
